{
  "schema_version": 1,
  "cargo_lock_sha256": "c890cefe9e331e4b9d61ab106c7df1c8ffb1526a172c5224ed37386d273c8efa",
  "target_resolves": {
    "base": {
      "aho-corasick-1.1.4": {
        "runtime_dependencies": [
          {
            "name": "memchr",
            "package_key": "memchr-2.8.3",
            "kind": "normal",
            "features": [],
            "uses_default_features": false,
            "optional": true,
            "target": null,
            "tree": "target"
          }
        ],
        "build_dependencies": [],
        "features": [
          "perf-literal",
          "std"
        ]
      },
      "equivalent-1.0.2": {
        "runtime_dependencies": [],
        "build_dependencies": [],
        "features": []
      },
      "hashbrown-0.17.1": {
        "runtime_dependencies": [],
        "build_dependencies": [],
        "features": []
      },
      "indexmap-2.14.0": {
        "runtime_dependencies": [
          {
            "name": "equivalent",
            "package_key": "equivalent-1.0.2",
            "kind": "normal",
            "features": [],
            "uses_default_features": false,
            "optional": false,
            "target": null,
            "tree": "target"
          },
          {
            "name": "hashbrown",
            "package_key": "hashbrown-0.17.1",
            "kind": "normal",
            "features": [],
            "uses_default_features": false,
            "optional": false,
            "target": null,
            "tree": "target"
          },
          {
            "name": "serde_core",
            "package_key": "serde_core-1.0.228",
            "kind": "normal",
            "features": [],
            "uses_default_features": false,
            "optional": true,
            "target": null,
            "tree": "target"
          }
        ],
        "build_dependencies": [],
        "features": [
          "default",
          "serde",
          "std"
        ]
      },
      "itoa-1.0.18": {
        "runtime_dependencies": [],
        "build_dependencies": [],
        "features": []
      },
      "lava-arch-0.1.5-548d3c764a451b627bcf9cb1f4be4c4fdd0b2f2d": {
        "runtime_dependencies": [
          {
            "name": "indexmap",
            "package_key": "indexmap-2.14.0",
            "kind": "normal",
            "features": [
              "serde"
            ],
            "uses_default_features": true,
            "optional": false,
            "target": null,
            "tree": "target"
          },
          {
            "name": "lava_core",
            "package_key": "lava-core-0.1.6-610f5231d47cfaddad053b4c351ce6ef663002df",
            "kind": "normal",
            "features": [],
            "uses_default_features": true,
            "optional": false,
            "target": null,
            "tree": "target"
          },
          {
            "name": "serde",
            "package_key": "serde-1.0.228",
            "kind": "normal",
            "features": [
              "derive"
            ],
            "uses_default_features": true,
            "optional": false,
            "target": null,
            "tree": "target"
          },
          {
            "name": "serde_json",
            "package_key": "serde_json-1.0.150",
            "kind": "normal",
            "features": [],
            "uses_default_features": true,
            "optional": false,
            "target": null,
            "tree": "target"
          },
          {
            "name": "thiserror",
            "package_key": "thiserror-2.0.18",
            "kind": "normal",
            "features": [],
            "uses_default_features": true,
            "optional": false,
            "target": null,
            "tree": "target"
          }
        ],
        "build_dependencies": [],
        "features": []
      },
      "lava-core-0.1.6-610f5231d47cfaddad053b4c351ce6ef663002df": {
        "runtime_dependencies": [
          {
            "name": "indexmap",
            "package_key": "indexmap-2.14.0",
            "kind": "normal",
            "features": [
              "serde"
            ],
            "uses_default_features": true,
            "optional": false,
            "target": null,
            "tree": "target"
          },
          {
            "name": "serde",
            "package_key": "serde-1.0.228",
            "kind": "normal",
            "features": [
              "derive"
            ],
            "uses_default_features": true,
            "optional": false,
            "target": null,
            "tree": "target"
          },
          {
            "name": "serde_json",
            "package_key": "serde_json-1.0.150",
            "kind": "normal",
            "features": [],
            "uses_default_features": true,
            "optional": false,
            "target": null,
            "tree": "target"
          },
          {
            "name": "serde_yaml",
            "package_key": "serde_yaml-0.9.34+deprecated",
            "kind": "normal",
            "features": [],
            "uses_default_features": true,
            "optional": false,
            "target": null,
            "tree": "target"
          },
          {
            "name": "thiserror",
            "package_key": "thiserror-2.0.18",
            "kind": "normal",
            "features": [],
            "uses_default_features": true,
            "optional": false,
            "target": null,
            "tree": "target"
          }
        ],
        "build_dependencies": [],
        "features": []
      },
      "lava-eval-0.1.9-688e1fccd58329e0d5cb3e91ecca934359abd2b1": {
        "runtime_dependencies": [
          {
            "name": "indexmap",
            "package_key": "indexmap-2.14.0",
            "kind": "normal",
            "features": [
              "serde"
            ],
            "uses_default_features": true,
            "optional": false,
            "target": null,
            "tree": "target"
          },
          {
            "name": "lava_arch",
            "package_key": "lava-arch-0.1.5-548d3c764a451b627bcf9cb1f4be4c4fdd0b2f2d",
            "kind": "normal",
            "features": [],
            "uses_default_features": true,
            "optional": false,
            "target": null,
            "tree": "target"
          },
          {
            "name": "lava_core",
            "package_key": "lava-core-0.1.6-610f5231d47cfaddad053b4c351ce6ef663002df",
            "kind": "normal",
            "features": [],
            "uses_default_features": true,
            "optional": false,
            "target": null,
            "tree": "target"
          },
          {
            "name": "lava_schema",
            "package_key": "lava-schema-0.1.5-780b607f643a126339c158bc2f53078383a32d38",
            "kind": "normal",
            "features": [],
            "uses_default_features": true,
            "optional": false,
            "target": null,
            "tree": "target"
          },
          {
            "name": "lava_types",
            "package_key": "lava-types-0.1.2-5919002fc907fdb0c2c348be5e12ffa08e510430",
            "kind": "normal",
            "features": [],
            "uses_default_features": true,
            "optional": false,
            "target": null,
            "tree": "target"
          },
          {
            "name": "serde",
            "package_key": "serde-1.0.228",
            "kind": "normal",
            "features": [
              "derive"
            ],
            "uses_default_features": true,
            "optional": false,
            "target": null,
            "tree": "target"
          },
          {
            "name": "serde_json",
            "package_key": "serde_json-1.0.150",
            "kind": "normal",
            "features": [],
            "uses_default_features": true,
            "optional": false,
            "target": null,
            "tree": "target"
          },
          {
            "name": "thiserror",
            "package_key": "thiserror-2.0.18",
            "kind": "normal",
            "features": [],
            "uses_default_features": true,
            "optional": false,
            "target": null,
            "tree": "target"
          }
        ],
        "build_dependencies": [],
        "features": []
      },
      "lava-schema-0.1.5-780b607f643a126339c158bc2f53078383a32d38": {
        "runtime_dependencies": [
          {
            "name": "indexmap",
            "package_key": "indexmap-2.14.0",
            "kind": "normal",
            "features": [
              "serde"
            ],
            "uses_default_features": true,
            "optional": false,
            "target": null,
            "tree": "target"
          },
          {
            "name": "lava_types",
            "package_key": "lava-types-0.1.2-5919002fc907fdb0c2c348be5e12ffa08e510430",
            "kind": "normal",
            "features": [],
            "uses_default_features": true,
            "optional": false,
            "target": null,
            "tree": "target"
          },
          {
            "name": "serde",
            "package_key": "serde-1.0.228",
            "kind": "normal",
            "features": [
              "derive"
            ],
            "uses_default_features": true,
            "optional": false,
            "target": null,
            "tree": "target"
          },
          {
            "name": "thiserror",
            "package_key": "thiserror-2.0.18",
            "kind": "normal",
            "features": [],
            "uses_default_features": true,
            "optional": false,
            "target": null,
            "tree": "target"
          }
        ],
        "build_dependencies": [],
        "features": []
      },
      "lava-test-0.1.8": {
        "runtime_dependencies": [
          {
            "name": "indexmap",
            "package_key": "indexmap-2.14.0",
            "kind": "normal",
            "features": [
              "serde"
            ],
            "uses_default_features": true,
            "optional": false,
            "target": null,
            "tree": "target"
          },
          {
            "name": "lava_core",
            "package_key": "lava-core-0.1.6-610f5231d47cfaddad053b4c351ce6ef663002df",
            "kind": "normal",
            "features": [],
            "uses_default_features": true,
            "optional": false,
            "target": null,
            "tree": "target"
          },
          {
            "name": "lava_eval",
            "package_key": "lava-eval-0.1.9-688e1fccd58329e0d5cb3e91ecca934359abd2b1",
            "kind": "normal",
            "features": [],
            "uses_default_features": true,
            "optional": false,
            "target": null,
            "tree": "target"
          },
          {
            "name": "regex",
            "package_key": "regex-1.13.1",
            "kind": "normal",
            "features": [],
            "uses_default_features": true,
            "optional": false,
            "target": null,
            "tree": "target"
          },
          {
            "name": "serde",
            "package_key": "serde-1.0.228",
            "kind": "normal",
            "features": [
              "derive"
            ],
            "uses_default_features": true,
            "optional": false,
            "target": null,
            "tree": "target"
          },
          {
            "name": "serde_json",
            "package_key": "serde_json-1.0.150",
            "kind": "normal",
            "features": [],
            "uses_default_features": true,
            "optional": false,
            "target": null,
            "tree": "target"
          },
          {
            "name": "thiserror",
            "package_key": "thiserror-2.0.18",
            "kind": "normal",
            "features": [],
            "uses_default_features": true,
            "optional": false,
            "target": null,
            "tree": "target"
          }
        ],
        "build_dependencies": [],
        "features": []
      },
      "lava-types-0.1.2-5919002fc907fdb0c2c348be5e12ffa08e510430": {
        "runtime_dependencies": [
          {
            "name": "serde",
            "package_key": "serde-1.0.228",
            "kind": "normal",
            "features": [
              "derive"
            ],
            "uses_default_features": true,
            "optional": false,
            "target": null,
            "tree": "target"
          },
          {
            "name": "thiserror",
            "package_key": "thiserror-2.0.18",
            "kind": "normal",
            "features": [],
            "uses_default_features": true,
            "optional": false,
            "target": null,
            "tree": "target"
          }
        ],
        "build_dependencies": [],
        "features": []
      },
      "memchr-2.8.3": {
        "runtime_dependencies": [],
        "build_dependencies": [],
        "features": [
          "alloc",
          "std"
        ]
      },
      "proc-macro2-1.0.106": {
        "runtime_dependencies": [
          {
            "name": "unicode_ident",
            "package_key": "unicode-ident-1.0.24",
            "kind": "normal",
            "features": [],
            "uses_default_features": true,
            "optional": false,
            "target": null,
            "tree": "target"
          }
        ],
        "build_dependencies": [],
        "features": [
          "default",
          "proc-macro"
        ]
      },
      "quote-1.0.46": {
        "runtime_dependencies": [
          {
            "name": "proc_macro2",
            "package_key": "proc-macro2-1.0.106",
            "kind": "normal",
            "features": [],
            "uses_default_features": false,
            "optional": false,
            "target": null,
            "tree": "target"
          }
        ],
        "build_dependencies": [],
        "features": [
          "default",
          "proc-macro"
        ]
      },
      "regex-1.13.1": {
        "runtime_dependencies": [
          {
            "name": "aho_corasick",
            "package_key": "aho-corasick-1.1.4",
            "kind": "normal",
            "features": [],
            "uses_default_features": false,
            "optional": true,
            "target": null,
            "tree": "target"
          },
          {
            "name": "memchr",
            "package_key": "memchr-2.8.3",
            "kind": "normal",
            "features": [],
            "uses_default_features": false,
            "optional": true,
            "target": null,
            "tree": "target"
          },
          {
            "name": "regex_automata",
            "package_key": "regex-automata-0.4.16",
            "kind": "normal",
            "features": [
              "alloc",
              "meta",
              "nfa-pikevm",
              "syntax"
            ],
            "uses_default_features": false,
            "optional": false,
            "target": null,
            "tree": "target"
          },
          {
            "name": "regex_syntax",
            "package_key": "regex-syntax-0.8.11",
            "kind": "normal",
            "features": [],
            "uses_default_features": false,
            "optional": false,
            "target": null,
            "tree": "target"
          }
        ],
        "build_dependencies": [],
        "features": [
          "default",
          "perf",
          "perf-backtrack",
          "perf-cache",
          "perf-dfa",
          "perf-inline",
          "perf-literal",
          "perf-onepass",
          "std",
          "unicode",
          "unicode-age",
          "unicode-bool",
          "unicode-case",
          "unicode-gencat",
          "unicode-perl",
          "unicode-script",
          "unicode-segment"
        ]
      },
      "regex-automata-0.4.16": {
        "runtime_dependencies": [
          {
            "name": "aho_corasick",
            "package_key": "aho-corasick-1.1.4",
            "kind": "normal",
            "features": [],
            "uses_default_features": false,
            "optional": true,
            "target": null,
            "tree": "target"
          },
          {
            "name": "memchr",
            "package_key": "memchr-2.8.3",
            "kind": "normal",
            "features": [],
            "uses_default_features": false,
            "optional": true,
            "target": null,
            "tree": "target"
          },
          {
            "name": "regex_syntax",
            "package_key": "regex-syntax-0.8.11",
            "kind": "normal",
            "features": [],
            "uses_default_features": false,
            "optional": true,
            "target": null,
            "tree": "target"
          }
        ],
        "build_dependencies": [],
        "features": [
          "alloc",
          "dfa-onepass",
          "hybrid",
          "meta",
          "nfa-backtrack",
          "nfa-pikevm",
          "nfa-thompson",
          "perf-inline",
          "perf-literal",
          "perf-literal-multisubstring",
          "perf-literal-substring",
          "std",
          "syntax",
          "unicode",
          "unicode-age",
          "unicode-bool",
          "unicode-case",
          "unicode-gencat",
          "unicode-perl",
          "unicode-script",
          "unicode-segment",
          "unicode-word-boundary"
        ]
      },
      "regex-syntax-0.8.11": {
        "runtime_dependencies": [],
        "build_dependencies": [],
        "features": [
          "default",
          "std",
          "unicode",
          "unicode-age",
          "unicode-bool",
          "unicode-case",
          "unicode-gencat",
          "unicode-perl",
          "unicode-script",
          "unicode-segment"
        ]
      },
      "ryu-1.0.23": {
        "runtime_dependencies": [],
        "build_dependencies": [],
        "features": []
      },
      "serde-1.0.228": {
        "runtime_dependencies": [
          {
            "name": "serde_core",
            "package_key": "serde_core-1.0.228",
            "kind": "normal",
            "features": [
              "result"
            ],
            "uses_default_features": false,
            "optional": false,
            "target": null,
            "tree": "target"
          },
          {
            "name": "serde_derive",
            "package_key": "serde_derive-1.0.228",
            "kind": "normal",
            "features": [],
            "uses_default_features": true,
            "optional": true,
            "target": null,
            "tree": "host"
          }
        ],
        "build_dependencies": [],
        "features": [
          "default",
          "derive",
          "serde_derive",
          "std"
        ]
      },
      "serde_core-1.0.228": {
        "runtime_dependencies": [],
        "build_dependencies": [],
        "features": [
          "result",
          "std"
        ]
      },
      "serde_derive-1.0.228": {
        "runtime_dependencies": [
          {
            "name": "proc_macro2",
            "package_key": "proc-macro2-1.0.106",
            "kind": "normal",
            "features": [
              "proc-macro"
            ],
            "uses_default_features": false,
            "optional": false,
            "target": null,
            "tree": "target"
          },
          {
            "name": "quote",
            "package_key": "quote-1.0.46",
            "kind": "normal",
            "features": [
              "proc-macro"
            ],
            "uses_default_features": false,
            "optional": false,
            "target": null,
            "tree": "target"
          },
          {
            "name": "syn",
            "package_key": "syn-2.0.119",
            "kind": "normal",
            "features": [
              "clone-impls",
              "derive",
              "parsing",
              "printing",
              "proc-macro"
            ],
            "uses_default_features": false,
            "optional": false,
            "target": null,
            "tree": "target"
          }
        ],
        "build_dependencies": [],
        "features": [
          "default"
        ]
      },
      "serde_json-1.0.150": {
        "runtime_dependencies": [
          {
            "name": "itoa",
            "package_key": "itoa-1.0.18",
            "kind": "normal",
            "features": [],
            "uses_default_features": true,
            "optional": false,
            "target": null,
            "tree": "target"
          },
          {
            "name": "memchr",
            "package_key": "memchr-2.8.3",
            "kind": "normal",
            "features": [],
            "uses_default_features": false,
            "optional": false,
            "target": null,
            "tree": "target"
          },
          {
            "name": "serde_core",
            "package_key": "serde_core-1.0.228",
            "kind": "normal",
            "features": [],
            "uses_default_features": false,
            "optional": false,
            "target": null,
            "tree": "target"
          },
          {
            "name": "zmij",
            "package_key": "zmij-1.0.23",
            "kind": "normal",
            "features": [],
            "uses_default_features": true,
            "optional": false,
            "target": null,
            "tree": "target"
          }
        ],
        "build_dependencies": [],
        "features": [
          "default",
          "std"
        ]
      },
      "serde_yaml-0.9.34+deprecated": {
        "runtime_dependencies": [
          {
            "name": "indexmap",
            "package_key": "indexmap-2.14.0",
            "kind": "normal",
            "features": [],
            "uses_default_features": true,
            "optional": false,
            "target": null,
            "tree": "target"
          },
          {
            "name": "itoa",
            "package_key": "itoa-1.0.18",
            "kind": "normal",
            "features": [],
            "uses_default_features": true,
            "optional": false,
            "target": null,
            "tree": "target"
          },
          {
            "name": "ryu",
            "package_key": "ryu-1.0.23",
            "kind": "normal",
            "features": [],
            "uses_default_features": true,
            "optional": false,
            "target": null,
            "tree": "target"
          },
          {
            "name": "serde",
            "package_key": "serde-1.0.228",
            "kind": "normal",
            "features": [],
            "uses_default_features": true,
            "optional": false,
            "target": null,
            "tree": "target"
          },
          {
            "name": "unsafe_libyaml",
            "package_key": "unsafe-libyaml-0.2.11",
            "kind": "normal",
            "features": [],
            "uses_default_features": true,
            "optional": false,
            "target": null,
            "tree": "target"
          }
        ],
        "build_dependencies": [],
        "features": []
      },
      "syn-2.0.119": {
        "runtime_dependencies": [
          {
            "name": "proc_macro2",
            "package_key": "proc-macro2-1.0.106",
            "kind": "normal",
            "features": [],
            "uses_default_features": false,
            "optional": false,
            "target": null,
            "tree": "target"
          },
          {
            "name": "quote",
            "package_key": "quote-1.0.46",
            "kind": "normal",
            "features": [],
            "uses_default_features": false,
            "optional": true,
            "target": null,
            "tree": "target"
          },
          {
            "name": "unicode_ident",
            "package_key": "unicode-ident-1.0.24",
            "kind": "normal",
            "features": [],
            "uses_default_features": true,
            "optional": false,
            "target": null,
            "tree": "target"
          }
        ],
        "build_dependencies": [],
        "features": [
          "clone-impls",
          "default",
          "derive",
          "parsing",
          "printing",
          "proc-macro"
        ]
      },
      "thiserror-2.0.18": {
        "runtime_dependencies": [
          {
            "name": "thiserror_impl",
            "package_key": "thiserror-impl-2.0.18",
            "kind": "normal",
            "features": [],
            "uses_default_features": true,
            "optional": false,
            "target": null,
            "tree": "host"
          }
        ],
        "build_dependencies": [],
        "features": [
          "default",
          "std"
        ]
      },
      "thiserror-impl-2.0.18": {
        "runtime_dependencies": [
          {
            "name": "proc_macro2",
            "package_key": "proc-macro2-1.0.106",
            "kind": "normal",
            "features": [],
            "uses_default_features": true,
            "optional": false,
            "target": null,
            "tree": "target"
          },
          {
            "name": "quote",
            "package_key": "quote-1.0.46",
            "kind": "normal",
            "features": [],
            "uses_default_features": true,
            "optional": false,
            "target": null,
            "tree": "target"
          },
          {
            "name": "syn",
            "package_key": "syn-2.0.119",
            "kind": "normal",
            "features": [],
            "uses_default_features": true,
            "optional": false,
            "target": null,
            "tree": "target"
          }
        ],
        "build_dependencies": [],
        "features": []
      },
      "unicode-ident-1.0.24": {
        "runtime_dependencies": [],
        "build_dependencies": [],
        "features": []
      },
      "unsafe-libyaml-0.2.11": {
        "runtime_dependencies": [],
        "build_dependencies": [],
        "features": []
      },
      "zmij-1.0.23": {
        "runtime_dependencies": [],
        "build_dependencies": [],
        "features": []
      }
    },
    "targets": {
      "aarch64-apple-darwin": {
        "overrides": {}
      },
      "aarch64-unknown-linux-gnu": {
        "overrides": {}
      },
      "aarch64-unknown-linux-musl": {
        "overrides": {}
      },
      "x86_64-apple-darwin": {
        "overrides": {}
      },
      "x86_64-unknown-linux-gnu": {
        "overrides": {}
      },
      "x86_64-unknown-linux-musl": {
        "overrides": {}
      }
    }
  },
  "per_crate": {
    "aho-corasick-1.1.4": {
      "edition": "2021"
    },
    "equivalent-1.0.2": {
      "edition": "2015"
    },
    "hashbrown-0.17.1": {
      "edition": "2024"
    },
    "indexmap-2.14.0": {
      "edition": "2024"
    },
    "itoa-1.0.18": {
      "edition": "2021"
    },
    "lava-arch-0.1.5-548d3c764a451b627bcf9cb1f4be4c4fdd0b2f2d": {
      "edition": "2024"
    },
    "lava-core-0.1.6-610f5231d47cfaddad053b4c351ce6ef663002df": {
      "edition": "2024"
    },
    "lava-eval-0.1.9-688e1fccd58329e0d5cb3e91ecca934359abd2b1": {
      "edition": "2024"
    },
    "lava-schema-0.1.5-780b607f643a126339c158bc2f53078383a32d38": {
      "edition": "2024"
    },
    "lava-test-0.1.8": {
      "edition": "2024",
      "lib_target": {
        "name": "lava_test",
        "path": "src/lib.rs"
      }
    },
    "lava-types-0.1.2-5919002fc907fdb0c2c348be5e12ffa08e510430": {
      "edition": "2024"
    },
    "memchr-2.8.3": {
      "edition": "2021"
    },
    "proc-macro2-1.0.106": {
      "edition": "2021",
      "build_script": "build.rs"
    },
    "quote-1.0.46": {
      "edition": "2021",
      "build_script": "build.rs"
    },
    "regex-1.13.1": {
      "edition": "2021"
    },
    "regex-automata-0.4.16": {
      "edition": "2021"
    },
    "regex-syntax-0.8.11": {
      "edition": "2021"
    },
    "ryu-1.0.23": {
      "edition": "2021"
    },
    "serde-1.0.228": {
      "edition": "2021",
      "build_script": "build.rs"
    },
    "serde_core-1.0.228": {
      "edition": "2021",
      "build_script": "build.rs"
    },
    "serde_derive-1.0.228": {
      "edition": "2021",
      "proc_macro": true
    },
    "serde_json-1.0.150": {
      "edition": "2021",
      "build_script": "build.rs"
    },
    "serde_yaml-0.9.34+deprecated": {
      "edition": "2021"
    },
    "syn-2.0.119": {
      "edition": "2021"
    },
    "thiserror-2.0.18": {
      "edition": "2021",
      "build_script": "build.rs"
    },
    "thiserror-impl-2.0.18": {
      "edition": "2021",
      "proc_macro": true
    },
    "unicode-ident-1.0.24": {
      "edition": "2021"
    },
    "unsafe-libyaml-0.2.11": {
      "edition": "2021",
      "binaries": [
        {
          "name": "run-emitter-test-suite",
          "path": "src/bin/run-emitter-test-suite.rs"
        },
        {
          "name": "run-parser-test-suite",
          "path": "src/bin/run-parser-test-suite.rs"
        }
      ]
    },
    "zmij-1.0.23": {
      "edition": "2021",
      "build_script": "build.rs"
    }
  },
  "git_nar_sha256": {
    "lava-arch-0.1.5-548d3c764a451b627bcf9cb1f4be4c4fdd0b2f2d": "sha256-ASpoPsIOBspFEyww8Ij1KoCZ3MwutMfhVSRSfuhDdEE=",
    "lava-core-0.1.6-610f5231d47cfaddad053b4c351ce6ef663002df": "sha256-IKxgJsK/Ht+aMY4SikIkZRNi6pMKMpMKA503Z8DYObg=",
    "lava-eval-0.1.9-688e1fccd58329e0d5cb3e91ecca934359abd2b1": "sha256-jmbYcSIb8HInMl6ed3Y7rXVK9HOg4XqA8CU5uHcU6pI=",
    "lava-schema-0.1.5-780b607f643a126339c158bc2f53078383a32d38": "sha256-DqJQUr7KsPwz4ieHFwYYUEH9Bdq4La1mZPhE4MinZjw=",
    "lava-types-0.1.2-5919002fc907fdb0c2c348be5e12ffa08e510430": "sha256-KxzpOdN3R0PokxfZlMRK0UdA5kgRHlO+NY/fucsMSFk="
  },
  "flake_metadata": {}
}
